{
  "requires": true,
  "lockfileVersion": 1,
  "dependencies": {
    "lottie-web": {
      "version": "5.7.8",
      "resolved": "https://registry.npmjs.org/lottie-web/-/lottie-web-5.7.8.tgz",
      "integrity": "sha512-VxKCZk33GwZac6mVHvT3grUFR/zrMsW85M7vxQPrgpJOP2IhcnjMbuD0h7muBkXgw84K9KmGulmcyzvhpzSMAg=="
    }
  }
}
